
Microsoft Visual Studio Solution File, Format Version 12.00
# Visual Studio 15
VisualStudioVersion = 15.0.26730.16
MinimumVisualStudioVersion = 10.0.40219.1
Project("{FAE04EC0-301F-11D3-BF4B-00C04F79EFBC}") = "Micro-RTS", "Micro-RTS.csproj", "{ECC63321-4605-E675-0D21-CD1FA5E249EF}"
EndProject
Project("{FAE04EC0-301F-11D3-BF4B-00C04F79EFBC}") = "Micro-RTS.Editor", "Micro-RTS.Editor.csproj", "{5931FDCD-AA6E-6769-58C8-27B6CB94BEA3}"
EndProject
Global
	GlobalSection(SolutionConfigurationPlatforms) = preSolution
		Debug|Any CPU = Debug|Any CPU
		Release|Any CPU = Release|Any CPU
	EndGlobalSection
	GlobalSection(ProjectConfigurationPlatforms) = postSolution
		{ECC63321-4605-E675-0D21-CD1FA5E249EF}.Debug|Any CPU.ActiveCfg = Debug|Any CPU
		{ECC63321-4605-E675-0D21-CD1FA5E249EF}.Debug|Any CPU.Build.0 = Debug|Any CPU
		{ECC63321-4605-E675-0D21-CD1FA5E249EF}.Release|Any CPU.ActiveCfg = Release|Any CPU
		{ECC63321-4605-E675-0D21-CD1FA5E249EF}.Release|Any CPU.Build.0 = Release|Any CPU
		{5931FDCD-AA6E-6769-58C8-27B6CB94BEA3}.Debug|Any CPU.ActiveCfg = Debug|Any CPU
		{5931FDCD-AA6E-6769-58C8-27B6CB94BEA3}.Debug|Any CPU.Build.0 = Debug|Any CPU
		{5931FDCD-AA6E-6769-58C8-27B6CB94BEA3}.Release|Any CPU.ActiveCfg = Release|Any CPU
		{5931FDCD-AA6E-6769-58C8-27B6CB94BEA3}.Release|Any CPU.Build.0 = Release|Any CPU
	EndGlobalSection
	GlobalSection(SolutionProperties) = preSolution
		HideSolutionNode = FALSE
	EndGlobalSection
	GlobalSection(ExtensibilityGlobals) = postSolution
		SolutionGuid = {3132C5C3-73F4-4BB0-8878-D1E61FCC8A78}
	EndGlobalSection
EndGlobal
